
Microsoft Visual Studio Solution File, Format Version 12.00
# Visual Studio Version 16
VisualStudioVersion = 16.0.32126.315
MinimumVisualStudioVersion = 10.0.40219.1
Project("{FAE04EC0-301F-11D3-BF4B-00C04F79EFBC}") = "CodecademyCSharp", "CodecademyCSharp\CodecademyCSharp.csproj", "{41A889B3-03BA-4586-9F5D-CDE526AB77DE}"
EndProject
Global
	GlobalSection(SolutionConfigurationPlatforms) = preSolution
		Debug|Any CPU = Debug|Any CPU
		Release|Any CPU = Release|Any CPU
	EndGlobalSection
	GlobalSection(ProjectConfigurationPlatforms) = postSolution
		{41A889B3-03BA-4586-9F5D-CDE526AB77DE}.Debug|Any CPU.ActiveCfg = Debug|Any CPU
		{41A889B3-03BA-4586-9F5D-CDE526AB77DE}.Debug|Any CPU.Build.0 = Debug|Any CPU
		{41A889B3-03BA-4586-9F5D-CDE526AB77DE}.Release|Any CPU.ActiveCfg = Release|Any CPU
		{41A889B3-03BA-4586-9F5D-CDE526AB77DE}.Release|Any CPU.Build.0 = Release|Any CPU
	EndGlobalSection
	GlobalSection(SolutionProperties) = preSolution
		HideSolutionNode = FALSE
	EndGlobalSection
	GlobalSection(ExtensibilityGlobals) = postSolution
		SolutionGuid = {BDF3E946-E69B-4C7D-BC6C-F01239E9D74B}
	EndGlobalSection
EndGlobal
